
Microsoft Visual Studio Solution File, Format Version 12.00
# Visual Studio 15
VisualStudioVersion = 15.0.28307.1321
MinimumVisualStudioVersion = 10.0.40219.1
Project("{FAE04EC0-301F-11D3-BF4B-00C04F79EFBC}") = "TorrentPostprocessor", "TorrentPostprocessor.csproj", "{5FDD4C64-5FAF-46EC-B146-89E920DCB769}"
EndProject
Global
	GlobalSection(SolutionConfigurationPlatforms) = preSolution
		Debug|Any CPU = Debug|Any CPU
		Release|Any CPU = Release|Any CPU
	EndGlobalSection
	GlobalSection(ProjectConfigurationPlatforms) = postSolution
		{5FDD4C64-5FAF-46EC-B146-89E920DCB769}.Debug|Any CPU.ActiveCfg = Debug|Any CPU
		{5FDD4C64-5FAF-46EC-B146-89E920DCB769}.Debug|Any CPU.Build.0 = Debug|Any CPU
		{5FDD4C64-5FAF-46EC-B146-89E920DCB769}.Release|Any CPU.ActiveCfg = Release|Any CPU
		{5FDD4C64-5FAF-46EC-B146-89E920DCB769}.Release|Any CPU.Build.0 = Release|Any CPU
	EndGlobalSection
	GlobalSection(SolutionProperties) = preSolution
		HideSolutionNode = FALSE
	EndGlobalSection
	GlobalSection(ExtensibilityGlobals) = postSolution
		SolutionGuid = {DE51BBC9-857D-45D5-9346-5D6C97BF44A8}
	EndGlobalSection
EndGlobal
